
Microsoft Visual Studio Solution File, Format Version 12.00
# Visual Studio Version 17
VisualStudioVersion = 17.2.32526.322
MinimumVisualStudioVersion = 10.0.40219.1
Project("{8BC9CEB8-8B4A-11D0-8D11-00A0C91BC942}") = "Wegine", "Wegine\Wegine.vcxproj", "{77D4E30F-8D60-4B5B-AAC4-51B32D483E1F}"
EndProject
Global
	GlobalSection(SolutionConfigurationPlatforms) = preSolution
		Debug|x64 = Debug|x64
		Debug|x86 = Debug|x86
		Release|x64 = Release|x64
		Release|x86 = Release|x86
	EndGlobalSection
	GlobalSection(ProjectConfigurationPlatforms) = postSolution
		{77D4E30F-8D60-4B5B-AAC4-51B32D483E1F}.Debug|x64.ActiveCfg = Debug|x64
		{77D4E30F-8D60-4B5B-AAC4-51B32D483E1F}.Debug|x64.Build.0 = Debug|x64
		{77D4E30F-8D60-4B5B-AAC4-51B32D483E1F}.Debug|x86.ActiveCfg = Debug|Win32
		{77D4E30F-8D60-4B5B-AAC4-51B32D483E1F}.Debug|x86.Build.0 = Debug|Win32
		{77D4E30F-8D60-4B5B-AAC4-51B32D483E1F}.Release|x64.ActiveCfg = Release|x64
		{77D4E30F-8D60-4B5B-AAC4-51B32D483E1F}.Release|x64.Build.0 = Release|x64
		{77D4E30F-8D60-4B5B-AAC4-51B32D483E1F}.Release|x86.ActiveCfg = Release|Win32
		{77D4E30F-8D60-4B5B-AAC4-51B32D483E1F}.Release|x86.Build.0 = Release|Win32
	EndGlobalSection
	GlobalSection(SolutionProperties) = preSolution
		HideSolutionNode = FALSE
	EndGlobalSection
	GlobalSection(ExtensibilityGlobals) = postSolution
		SolutionGuid = {751578D6-25CA-41AD-A308-1FA6E933E18C}
	EndGlobalSection
EndGlobal
